
Microsoft Visual Studio Solution File, Format Version 12.00
# Visual Studio Version 16
VisualStudioVersion = 16.0.30907.101
MinimumVisualStudioVersion = 10.0.40219.1
Project("{FAE04EC0-301F-11D3-BF4B-00C04F79EFBC}") = "HW2Service", "HW2Service.csproj", "{A32C41F4-E5E0-4277-A404-4D41FC53E296}"
EndProject
Global
	GlobalSection(SolutionConfigurationPlatforms) = preSolution
		Debug|Any CPU = Debug|Any CPU
		Release|Any CPU = Release|Any CPU
	EndGlobalSection
	GlobalSection(ProjectConfigurationPlatforms) = postSolution
		{A32C41F4-E5E0-4277-A404-4D41FC53E296}.Debug|Any CPU.ActiveCfg = Debug|Any CPU
		{A32C41F4-E5E0-4277-A404-4D41FC53E296}.Debug|Any CPU.Build.0 = Debug|Any CPU
		{A32C41F4-E5E0-4277-A404-4D41FC53E296}.Release|Any CPU.ActiveCfg = Release|Any CPU
		{A32C41F4-E5E0-4277-A404-4D41FC53E296}.Release|Any CPU.Build.0 = Release|Any CPU
	EndGlobalSection
	GlobalSection(SolutionProperties) = preSolution
		HideSolutionNode = FALSE
	EndGlobalSection
	GlobalSection(ExtensibilityGlobals) = postSolution
		SolutionGuid = {DE9AC1A9-2C5D-40A6-B4E6-B93FCEC8B56F}
	EndGlobalSection
EndGlobal
